
Microsoft Visual Studio Solution File, Format Version 12.00
# Visual Studio 2013
VisualStudioVersion = 12.0.21005.1
MinimumVisualStudioVersion = 10.0.40219.1
Project("{FAE04EC0-301F-11D3-BF4B-00C04F79EFBC}") = "SpectrumAnalyzer", "SpectrumAnalyzer\SpectrumAnalyzer.csproj", "{DBFDEBC7-6C93-4874-8E0E-3432CE418557}"
EndProject
Project("{8BC9CEB8-8B4A-11D0-8D11-00A0C91BC942}") = "MMAudioPlayer", "MMAudioPlayer\MMAudioPlayer.vcxproj", "{34B5E7C2-D563-4375-A9A6-900069717F74}"
EndProject
Project("{FAE04EC0-301F-11D3-BF4B-00C04F79EFBC}") = "WasapiCaptureRT", "WasapiCaptureRT\WasapiCaptureRT.csproj", "{D780FCD9-6BC2-475C-A297-DEB175A5B5E6}"
EndProject
Global
	GlobalSection(SolutionConfigurationPlatforms) = preSolution
		Debug|Any CPU = Debug|Any CPU
		Debug|ARM = Debug|ARM
		Debug|Mixed Platforms = Debug|Mixed Platforms
		Debug|Win32 = Debug|Win32
		Debug|x64 = Debug|x64
		Debug|x86 = Debug|x86
		Release|Any CPU = Release|Any CPU
		Release|ARM = Release|ARM
		Release|Mixed Platforms = Release|Mixed Platforms
		Release|Win32 = Release|Win32
		Release|x64 = Release|x64
		Release|x86 = Release|x86
	EndGlobalSection
	GlobalSection(ProjectConfigurationPlatforms) = postSolution
		{DBFDEBC7-6C93-4874-8E0E-3432CE418557}.Debug|Any CPU.ActiveCfg = Debug|Any CPU
		{DBFDEBC7-6C93-4874-8E0E-3432CE418557}.Debug|Any CPU.Build.0 = Debug|Any CPU
		{DBFDEBC7-6C93-4874-8E0E-3432CE418557}.Debug|Any CPU.Deploy.0 = Debug|Any CPU
		{DBFDEBC7-6C93-4874-8E0E-3432CE418557}.Debug|ARM.ActiveCfg = Debug|ARM
		{DBFDEBC7-6C93-4874-8E0E-3432CE418557}.Debug|ARM.Build.0 = Debug|ARM
		{DBFDEBC7-6C93-4874-8E0E-3432CE418557}.Debug|ARM.Deploy.0 = Debug|ARM
		{DBFDEBC7-6C93-4874-8E0E-3432CE418557}.Debug|Mixed Platforms.ActiveCfg = Debug|x86
		{DBFDEBC7-6C93-4874-8E0E-3432CE418557}.Debug|Mixed Platforms.Build.0 = Debug|x86
		{DBFDEBC7-6C93-4874-8E0E-3432CE418557}.Debug|Mixed Platforms.Deploy.0 = Debug|x86
		{DBFDEBC7-6C93-4874-8E0E-3432CE418557}.Debug|Win32.ActiveCfg = Debug|x86
		{DBFDEBC7-6C93-4874-8E0E-3432CE418557}.Debug|Win32.Build.0 = Debug|x86
		{DBFDEBC7-6C93-4874-8E0E-3432CE418557}.Debug|Win32.Deploy.0 = Debug|x86
		{DBFDEBC7-6C93-4874-8E0E-3432CE418557}.Debug|x64.ActiveCfg = Debug|x64
		{DBFDEBC7-6C93-4874-8E0E-3432CE418557}.Debug|x64.Build.0 = Debug|x64
		{DBFDEBC7-6C93-4874-8E0E-3432CE418557}.Debug|x64.Deploy.0 = Debug|x64
		{DBFDEBC7-6C93-4874-8E0E-3432CE418557}.Debug|x86.ActiveCfg = Debug|x86
		{DBFDEBC7-6C93-4874-8E0E-3432CE418557}.Debug|x86.Build.0 = Debug|x86
		{DBFDEBC7-6C93-4874-8E0E-3432CE418557}.Debug|x86.Deploy.0 = Debug|x86
		{DBFDEBC7-6C93-4874-8E0E-3432CE418557}.Release|Any CPU.ActiveCfg = Release|Any CPU
		{DBFDEBC7-6C93-4874-8E0E-3432CE418557}.Release|Any CPU.Build.0 = Release|Any CPU
		{DBFDEBC7-6C93-4874-8E0E-3432CE418557}.Release|Any CPU.Deploy.0 = Release|Any CPU
		{DBFDEBC7-6C93-4874-8E0E-3432CE418557}.Release|ARM.ActiveCfg = Release|ARM
		{DBFDEBC7-6C93-4874-8E0E-3432CE418557}.Release|ARM.Build.0 = Release|ARM
		{DBFDEBC7-6C93-4874-8E0E-3432CE418557}.Release|ARM.Deploy.0 = Release|ARM
		{DBFDEBC7-6C93-4874-8E0E-3432CE418557}.Release|Mixed Platforms.ActiveCfg = Release|x86
		{DBFDEBC7-6C93-4874-8E0E-3432CE418557}.Release|Mixed Platforms.Build.0 = Release|x86
		{DBFDEBC7-6C93-4874-8E0E-3432CE418557}.Release|Mixed Platforms.Deploy.0 = Release|x86
		{DBFDEBC7-6C93-4874-8E0E-3432CE418557}.Release|Win32.ActiveCfg = Release|x86
		{DBFDEBC7-6C93-4874-8E0E-3432CE418557}.Release|Win32.Build.0 = Release|x86
		{DBFDEBC7-6C93-4874-8E0E-3432CE418557}.Release|Win32.Deploy.0 = Release|x86
		{DBFDEBC7-6C93-4874-8E0E-3432CE418557}.Release|x64.ActiveCfg = Release|x64
		{DBFDEBC7-6C93-4874-8E0E-3432CE418557}.Release|x64.Build.0 = Release|x64
		{DBFDEBC7-6C93-4874-8E0E-3432CE418557}.Release|x64.Deploy.0 = Release|x64
		{DBFDEBC7-6C93-4874-8E0E-3432CE418557}.Release|x86.ActiveCfg = Release|x86
		{DBFDEBC7-6C93-4874-8E0E-3432CE418557}.Release|x86.Build.0 = Release|x86
		{DBFDEBC7-6C93-4874-8E0E-3432CE418557}.Release|x86.Deploy.0 = Release|x86
		{34B5E7C2-D563-4375-A9A6-900069717F74}.Debug|Any CPU.ActiveCfg = Debug|Win32
		{34B5E7C2-D563-4375-A9A6-900069717F74}.Debug|ARM.ActiveCfg = Debug|ARM
		{34B5E7C2-D563-4375-A9A6-900069717F74}.Debug|ARM.Build.0 = Debug|ARM
		{34B5E7C2-D563-4375-A9A6-900069717F74}.Debug|Mixed Platforms.ActiveCfg = Debug|Win32
		{34B5E7C2-D563-4375-A9A6-900069717F74}.Debug|Mixed Platforms.Build.0 = Debug|Win32
		{34B5E7C2-D563-4375-A9A6-900069717F74}.Debug|Win32.ActiveCfg = Debug|Win32
		{34B5E7C2-D563-4375-A9A6-900069717F74}.Debug|Win32.Build.0 = Debug|Win32
		{34B5E7C2-D563-4375-A9A6-900069717F74}.Debug|x64.ActiveCfg = Debug|x64
		{34B5E7C2-D563-4375-A9A6-900069717F74}.Debug|x64.Build.0 = Debug|x64
		{34B5E7C2-D563-4375-A9A6-900069717F74}.Debug|x86.ActiveCfg = Debug|Win32
		{34B5E7C2-D563-4375-A9A6-900069717F74}.Debug|x86.Build.0 = Debug|Win32
		{34B5E7C2-D563-4375-A9A6-900069717F74}.Release|Any CPU.ActiveCfg = Release|Win32
		{34B5E7C2-D563-4375-A9A6-900069717F74}.Release|ARM.ActiveCfg = Release|ARM
		{34B5E7C2-D563-4375-A9A6-900069717F74}.Release|ARM.Build.0 = Release|ARM
		{34B5E7C2-D563-4375-A9A6-900069717F74}.Release|Mixed Platforms.ActiveCfg = Release|Win32
		{34B5E7C2-D563-4375-A9A6-900069717F74}.Release|Mixed Platforms.Build.0 = Release|Win32
		{34B5E7C2-D563-4375-A9A6-900069717F74}.Release|Win32.ActiveCfg = Release|Win32
		{34B5E7C2-D563-4375-A9A6-900069717F74}.Release|Win32.Build.0 = Release|Win32
		{34B5E7C2-D563-4375-A9A6-900069717F74}.Release|x64.ActiveCfg = Release|x64
		{34B5E7C2-D563-4375-A9A6-900069717F74}.Release|x64.Build.0 = Release|x64
		{34B5E7C2-D563-4375-A9A6-900069717F74}.Release|x86.ActiveCfg = Release|Win32
		{34B5E7C2-D563-4375-A9A6-900069717F74}.Release|x86.Build.0 = Release|Win32
		{D780FCD9-6BC2-475C-A297-DEB175A5B5E6}.Debug|Any CPU.ActiveCfg = Debug|Any CPU
		{D780FCD9-6BC2-475C-A297-DEB175A5B5E6}.Debug|Any CPU.Build.0 = Debug|Any CPU
		{D780FCD9-6BC2-475C-A297-DEB175A5B5E6}.Debug|ARM.ActiveCfg = Debug|ARM
		{D780FCD9-6BC2-475C-A297-DEB175A5B5E6}.Debug|ARM.Build.0 = Debug|ARM
		{D780FCD9-6BC2-475C-A297-DEB175A5B5E6}.Debug|Mixed Platforms.ActiveCfg = Debug|x86
		{D780FCD9-6BC2-475C-A297-DEB175A5B5E6}.Debug|Mixed Platforms.Build.0 = Debug|x86
		{D780FCD9-6BC2-475C-A297-DEB175A5B5E6}.Debug|Win32.ActiveCfg = Debug|x86
		{D780FCD9-6BC2-475C-A297-DEB175A5B5E6}.Debug|Win32.Build.0 = Debug|x86
		{D780FCD9-6BC2-475C-A297-DEB175A5B5E6}.Debug|x64.ActiveCfg = Debug|x64
		{D780FCD9-6BC2-475C-A297-DEB175A5B5E6}.Debug|x64.Build.0 = Debug|x64
		{D780FCD9-6BC2-475C-A297-DEB175A5B5E6}.Debug|x86.ActiveCfg = Debug|x86
		{D780FCD9-6BC2-475C-A297-DEB175A5B5E6}.Debug|x86.Build.0 = Debug|x86
		{D780FCD9-6BC2-475C-A297-DEB175A5B5E6}.Release|Any CPU.ActiveCfg = Release|Any CPU
		{D780FCD9-6BC2-475C-A297-DEB175A5B5E6}.Release|Any CPU.Build.0 = Release|Any CPU
		{D780FCD9-6BC2-475C-A297-DEB175A5B5E6}.Release|ARM.ActiveCfg = Release|ARM
		{D780FCD9-6BC2-475C-A297-DEB175A5B5E6}.Release|ARM.Build.0 = Release|ARM
		{D780FCD9-6BC2-475C-A297-DEB175A5B5E6}.Release|Mixed Platforms.ActiveCfg = Release|x86
		{D780FCD9-6BC2-475C-A297-DEB175A5B5E6}.Release|Mixed Platforms.Build.0 = Release|x86
		{D780FCD9-6BC2-475C-A297-DEB175A5B5E6}.Release|Win32.ActiveCfg = Release|x86
		{D780FCD9-6BC2-475C-A297-DEB175A5B5E6}.Release|Win32.Build.0 = Release|x86
		{D780FCD9-6BC2-475C-A297-DEB175A5B5E6}.Release|x64.ActiveCfg = Release|x64
		{D780FCD9-6BC2-475C-A297-DEB175A5B5E6}.Release|x64.Build.0 = Release|x64
		{D780FCD9-6BC2-475C-A297-DEB175A5B5E6}.Release|x86.ActiveCfg = Release|x86
		{D780FCD9-6BC2-475C-A297-DEB175A5B5E6}.Release|x86.Build.0 = Release|x86
	EndGlobalSection
	GlobalSection(SolutionProperties) = preSolution
		HideSolutionNode = FALSE
	EndGlobalSection
EndGlobal
